<?xml version="1.0" encoding="utf-8"?>
<Project ToolsVersion="4.0" xmlns="http://schemas.microsoft.com/developer/msbuild/2003">
  <ItemGroup>
    <ClCompile Include="main.cpp" />
  </ItemGroup>
  <ItemGroup>
    <Filter Include="stb">
      <UniqueIdentifier>{1dc07329-1367-4608-96f4-485826057adb}</UniqueIdentifier>
    </Filter>
  </ItemGroup>
  <ItemGroup>
    <ClInclude Include="stb\stb_image_write.h">
      <Filter>stb</Filter>
    </ClInclude>
  </ItemGroup>
</Project>